// !$*UTF8*$!
{
	archiveVersion = 1;
	classes = {
	};
	objectVersion = 56;
	objects = {

/* Begin PBXBuildFile section */
		011F8E4D2C3BC2FA003AED23 /* User.swift in Sources */ = {isa = PBXBuildFile; fileRef = 011F8E4C2C3BC2FA003AED23 /* User.swift */; };
		011F8E4F2C3BC311003AED23 /* AuthViewModel.swift in Sources */ = {isa = PBXBuildFile; fileRef = 011F8E4E2C3BC311003AED23 /* AuthViewModel.swift */; };
		011F8E632C3BCD12003AED23 /* MockData.swift in Sources */ = {isa = PBXBuildFile; fileRef = 011F8E622C3BCD12003AED23 /* MockData.swift */; };
		011F8E6F2C3BDD83003AED23 /* mockMeetings.swift in Sources */ = {isa = PBXBuildFile; fileRef = 011F8E6E2C3BDD83003AED23 /* mockMeetings.swift */; };
		01E99A542C37D7080090C398 /* Mobil_AjandaApp.swift in Sources */ = {isa = PBXBuildFile; fileRef = 01E99A532C37D7080090C398 /* Mobil_AjandaApp.swift */; };
		01E99A582C37D7090090C398 /* Assets.xcassets in Resources */ = {isa = PBXBuildFile; fileRef = 01E99A572C37D7090090C398 /* Assets.xcassets */; };
		01E99A5B2C37D7090090C398 /* Preview Assets.xcassets in Resources */ = {isa = PBXBuildFile; fileRef = 01E99A5A2C37D7090090C398 /* Preview Assets.xcassets */; };
		01E99A672C37D9D10090C398 /* Constants.swift in Sources */ = {isa = PBXBuildFile; fileRef = 01E99A662C37D9D10090C398 /* Constants.swift */; };
		01E99A692C37DA0B0090C398 /* RootView.swift in Sources */ = {isa = PBXBuildFile; fileRef = 01E99A682C37DA0B0090C398 /* RootView.swift */; };
		01E99A722C37DE3B0090C398 /* ApiService.swift in Sources */ = {isa = PBXBuildFile; fileRef = 01E99A712C37DE3B0090C398 /* ApiService.swift */; };
		DEB40C0D2C3C100900DD2DF4 /* LoginButton.swift in Sources */ = {isa = PBXBuildFile; fileRef = DEB40C0C2C3C100900DD2DF4 /* LoginButton.swift */; };
		DEB40C0F2C3C10DF00DD2DF4 /* AuthView.swift in Sources */ = {isa = PBXBuildFile; fileRef = DEB40C0E2C3C10DF00DD2DF4 /* AuthView.swift */; };
		DEB40C122C3C117D00DD2DF4 /* AlertToast in Frameworks */ = {isa = PBXBuildFile; productRef = DEB40C112C3C117D00DD2DF4 /* AlertToast */; };
		DEB40C142C3C1DE800DD2DF4 /* SecureFieldView.swift in Sources */ = {isa = PBXBuildFile; fileRef = DEB40C132C3C1DE800DD2DF4 /* SecureFieldView.swift */; };
		DED7CDD62C3C0E32009660E9 /* HeaderView.swift in Sources */ = {isa = PBXBuildFile; fileRef = DED7CDD52C3C0E32009660E9 /* HeaderView.swift */; };
/* End PBXBuildFile section */

/* Begin PBXFileReference section */
		011F8E4C2C3BC2FA003AED23 /* User.swift */ = {isa = PBXFileReference; lastKnownFileType = sourcecode.swift; path = User.swift; sourceTree = "<group>"; };
		011F8E4E2C3BC311003AED23 /* AuthViewModel.swift */ = {isa = PBXFileReference; lastKnownFileType = sourcecode.swift; path = AuthViewModel.swift; sourceTree = "<group>"; };
		011F8E622C3BCD12003AED23 /* MockData.swift */ = {isa = PBXFileReference; lastKnownFileType = sourcecode.swift; path = MockData.swift; sourceTree = "<group>"; };
		011F8E6E2C3BDD83003AED23 /* mockMeetings.swift */ = {isa = PBXFileReference; lastKnownFileType = sourcecode.swift; path = mockMeetings.swift; sourceTree = "<group>"; };
		01E99A502C37D7080090C398 /* Mobil Ajanda.app */ = {isa = PBXFileReference; explicitFileType = wrapper.application; includeInIndex = 0; path = "Mobil Ajanda.app"; sourceTree = BUILT_PRODUCTS_DIR; };
		01E99A532C37D7080090C398 /* Mobil_AjandaApp.swift */ = {isa = PBXFileReference; lastKnownFileType = sourcecode.swift; path = Mobil_AjandaApp.swift; sourceTree = "<group>"; };
		01E99A572C37D7090090C398 /* Assets.xcassets */ = {isa = PBXFileReference; lastKnownFileType = folder.assetcatalog; path = Assets.xcassets; sourceTree = "<group>"; };
		01E99A5A2C37D7090090C398 /* Preview Assets.xcassets */ = {isa = PBXFileReference; lastKnownFileType = folder.assetcatalog; path = "Preview Assets.xcassets"; sourceTree = "<group>"; };
		01E99A662C37D9D10090C398 /* Constants.swift */ = {isa = PBXFileReference; lastKnownFileType = sourcecode.swift; path = Constants.swift; sourceTree = "<group>"; };
		01E99A682C37DA0B0090C398 /* RootView.swift */ = {isa = PBXFileReference; lastKnownFileType = sourcecode.swift; path = RootView.swift; sourceTree = "<group>"; };
		01E99A712C37DE3B0090C398 /* ApiService.swift */ = {isa = PBXFileReference; lastKnownFileType = sourcecode.swift; path = ApiService.swift; sourceTree = "<group>"; };
		DEB40C0C2C3C100900DD2DF4 /* LoginButton.swift */ = {isa = PBXFileReference; lastKnownFileType = sourcecode.swift; path = LoginButton.swift; sourceTree = "<group>"; };
		DEB40C0E2C3C10DF00DD2DF4 /* AuthView.swift */ = {isa = PBXFileReference; lastKnownFileType = sourcecode.swift; path = AuthView.swift; sourceTree = "<group>"; };
		DEB40C132C3C1DE800DD2DF4 /* SecureFieldView.swift */ = {isa = PBXFileReference; lastKnownFileType = sourcecode.swift; path = SecureFieldView.swift; sourceTree = "<group>"; };
		DED7CDD52C3C0E32009660E9 /* HeaderView.swift */ = {isa = PBXFileReference; lastKnownFileType = sourcecode.swift; path = HeaderView.swift; sourceTree = "<group>"; };
/* End PBXFileReference section */

/* Begin PBXFrameworksBuildPhase section */
		01E99A4D2C37D7080090C398 /* Frameworks */ = {
			isa = PBXFrameworksBuildPhase;
			buildActionMask = 2147483647;
			files = (
				DEB40C122C3C117D00DD2DF4 /* AlertToast in Frameworks */,
			);
			runOnlyForDeploymentPostprocessing = 0;
		};
/* End PBXFrameworksBuildPhase section */

/* Begin PBXGroup section */
		01E99A472C37D7080090C398 = {
			isa = PBXGroup;
			children = (
				01E99A522C37D7080090C398 /* Mobil Ajanda */,
				01E99A512C37D7080090C398 /* Products */,
			);
			sourceTree = "<group>";
		};
		01E99A512C37D7080090C398 /* Products */ = {
			isa = PBXGroup;
			children = (
				01E99A502C37D7080090C398 /* Mobil Ajanda.app */,
			);
			name = Products;
			sourceTree = "<group>";
		};
		01E99A522C37D7080090C398 /* Mobil Ajanda */ = {
			isa = PBXGroup;
			children = (
				01E99A532C37D7080090C398 /* Mobil_AjandaApp.swift */,
				01E99A612C37D9200090C398 /* App */,
				01E99A642C37D9680090C398 /* Helpers */,
				01E99A622C37D9340090C398 /* Resources */,
				01E99A592C37D7090090C398 /* Preview Content */,
			);
			path = "Mobil Ajanda";
			sourceTree = "<group>";
		};
		01E99A592C37D7090090C398 /* Preview Content */ = {
			isa = PBXGroup;
			children = (
				01E99A5A2C37D7090090C398 /* Preview Assets.xcassets */,
			);
			path = "Preview Content";
			sourceTree = "<group>";
		};
		01E99A612C37D9200090C398 /* App */ = {
			isa = PBXGroup;
			children = (
				01E99A682C37DA0B0090C398 /* RootView.swift */,
				01E99A782C37E0500090C398 /* Auth */,
				01E99A742C37E0210090C398 /* Search */,
			);
			path = App;
			sourceTree = "<group>";
		};
		01E99A622C37D9340090C398 /* Resources */ = {
			isa = PBXGroup;
			children = (
				01E99A632C37D9480090C398 /* Json */,
				01E99A572C37D7090090C398 /* Assets.xcassets */,
			);
			path = Resources;
			sourceTree = "<group>";
		};
		01E99A632C37D9480090C398 /* Json */ = {
			isa = PBXGroup;
			children = (
				011F8E622C3BCD12003AED23 /* MockData.swift */,
				011F8E6E2C3BDD83003AED23 /* mockMeetings.swift */,
			);
			path = Json;
			sourceTree = "<group>";
		};
		01E99A642C37D9680090C398 /* Helpers */ = {
			isa = PBXGroup;
			children = (
				01E99A702C37DE0B0090C398 /* Service */,
				01E99A6E2C37DB440090C398 /* SharedView */,
				01E99A652C37D96F0090C398 /* Extensions */,
				01E99A662C37D9D10090C398 /* Constants.swift */,
			);
			path = Helpers;
			sourceTree = "<group>";
		};
		01E99A652C37D96F0090C398 /* Extensions */ = {
			isa = PBXGroup;
			children = (
			);
			path = Extensions;
			sourceTree = "<group>";
		};
		01E99A6E2C37DB440090C398 /* SharedView */ = {
			isa = PBXGroup;
			children = (
			);
			path = SharedView;
			sourceTree = "<group>";
		};
		01E99A702C37DE0B0090C398 /* Service */ = {
			isa = PBXGroup;
			children = (
				01E99A712C37DE3B0090C398 /* ApiService.swift */,
			);
			path = Service;
			sourceTree = "<group>";
		};
		01E99A742C37E0210090C398 /* Search */ = {
			isa = PBXGroup;
			children = (
				01E99A752C37E02B0090C398 /* Model */,
				01E99A772C37E0380090C398 /* View */,
				01E99A762C37E0310090C398 /* ViewModel */,
			);
			path = Search;
			sourceTree = "<group>";
		};
		01E99A752C37E02B0090C398 /* Model */ = {
			isa = PBXGroup;
			children = (
			);
			path = Model;
			sourceTree = "<group>";
		};
		01E99A762C37E0310090C398 /* ViewModel */ = {
			isa = PBXGroup;
			children = (
			);
			path = ViewModel;
			sourceTree = "<group>";
		};
		01E99A772C37E0380090C398 /* View */ = {
			isa = PBXGroup;
			children = (
			);
			path = View;
			sourceTree = "<group>";
		};
		01E99A782C37E0500090C398 /* Auth */ = {
			isa = PBXGroup;
			children = (
				01E99A7B2C37E0640090C398 /* Model */,
				01E99A7A2C37E05F0090C398 /* View */,
				01E99A792C37E0560090C398 /* ViewModel */,
			);
			path = Auth;
			sourceTree = "<group>";
		};
		01E99A792C37E0560090C398 /* ViewModel */ = {
			isa = PBXGroup;
			children = (
				011F8E4E2C3BC311003AED23 /* AuthViewModel.swift */,
			);
			path = ViewModel;
			sourceTree = "<group>";
		};
		01E99A7A2C37E05F0090C398 /* View */ = {
			isa = PBXGroup;
			children = (
				DED7CDD42C3C0E0C009660E9 /* SharedView */,
				DEB40C0E2C3C10DF00DD2DF4 /* AuthView.swift */,
			);
			path = View;
			sourceTree = "<group>";
		};
		01E99A7B2C37E0640090C398 /* Model */ = {
			isa = PBXGroup;
			children = (
				011F8E4C2C3BC2FA003AED23 /* User.swift */,
			);
			path = Model;
			sourceTree = "<group>";
		};
		DED7CDD42C3C0E0C009660E9 /* SharedView */ = {
			isa = PBXGroup;
			children = (
				DED7CDD52C3C0E32009660E9 /* HeaderView.swift */,
				DEB40C0C2C3C100900DD2DF4 /* LoginButton.swift */,
				DEB40C132C3C1DE800DD2DF4 /* SecureFieldView.swift */,
			);
			path = SharedView;
			sourceTree = "<group>";
		};
/* End PBXGroup section */

/* Begin PBXNativeTarget section */
		01E99A4F2C37D7080090C398 /* Mobil Ajanda */ = {
			isa = PBXNativeTarget;
			buildConfigurationList = 01E99A5E2C37D7090090C398 /* Build configuration list for PBXNativeTarget "Mobil Ajanda" */;
			buildPhases = (
				01E99A4C2C37D7080090C398 /* Sources */,
				01E99A4D2C37D7080090C398 /* Frameworks */,
				01E99A4E2C37D7080090C398 /* Resources */,
			);
			buildRules = (
			);
			dependencies = (
			);
			name = "Mobil Ajanda";
			packageProductDependencies = (
				DEB40C112C3C117D00DD2DF4 /* AlertToast */,
			);
			productName = "Mobil Ajanda";
			productReference = 01E99A502C37D7080090C398 /* Mobil Ajanda.app */;
			productType = "com.apple.product-type.application";
		};
/* End PBXNativeTarget section */

/* Begin PBXProject section */
		01E99A482C37D7080090C398 /* Project object */ = {
			isa = PBXProject;
			attributes = {
				BuildIndependentTargetsInParallel = 1;
				LastSwiftUpdateCheck = 1540;
				LastUpgradeCheck = 1540;
				TargetAttributes = {
					01E99A4F2C37D7080090C398 = {
						CreatedOnToolsVersion = 15.4;
					};
				};
			};
			buildConfigurationList = 01E99A4B2C37D7080090C398 /* Build configuration list for PBXProject "Mobil Ajanda" */;
			compatibilityVersion = "Xcode 14.0";
			developmentRegion = en;
			hasScannedForEncodings = 0;
			knownRegions = (
				en,
				Base,
			);
			mainGroup = 01E99A472C37D7080090C398;
			packageReferences = (
				DEB40C102C3C117D00DD2DF4 /* XCRemoteSwiftPackageReference "AlertToast" */,
			);
			productRefGroup = 01E99A512C37D7080090C398 /* Products */;
			projectDirPath = "";
			projectRoot = "";
			targets = (
				01E99A4F2C37D7080090C398 /* Mobil Ajanda */,
			);
		};
/* End PBXProject section */

/* Begin PBXResourcesBuildPhase section */
		01E99A4E2C37D7080090C398 /* Resources */ = {
			isa = PBXResourcesBuildPhase;
			buildActionMask = 2147483647;
			files = (
				01E99A5B2C37D7090090C398 /* Preview Assets.xcassets in Resources */,
				01E99A582C37D7090090C398 /* Assets.xcassets in Resources */,
			);
			runOnlyForDeploymentPostprocessing = 0;
		};
/* End PBXResourcesBuildPhase section */

/* Begin PBXSourcesBuildPhase section */
		01E99A4C2C37D7080090C398 /* Sources */ = {
			isa = PBXSourcesBuildPhase;
			buildActionMask = 2147483647;
			files = (
				DEB40C0D2C3C100900DD2DF4 /* LoginButton.swift in Sources */,
				01E99A692C37DA0B0090C398 /* RootView.swift in Sources */,
				01E99A542C37D7080090C398 /* Mobil_AjandaApp.swift in Sources */,
				011F8E4F2C3BC311003AED23 /* AuthViewModel.swift in Sources */,
				01E99A722C37DE3B0090C398 /* ApiService.swift in Sources */,
				011F8E632C3BCD12003AED23 /* MockData.swift in Sources */,
				DEB40C142C3C1DE800DD2DF4 /* SecureFieldView.swift in Sources */,
				DED7CDD62C3C0E32009660E9 /* HeaderView.swift in Sources */,
				01E99A672C37D9D10090C398 /* Constants.swift in Sources */,
				011F8E6F2C3BDD83003AED23 /* mockMeetings.swift in Sources */,
				DEB40C0F2C3C10DF00DD2DF4 /* AuthView.swift in Sources */,
				011F8E4D2C3BC2FA003AED23 /* User.swift in Sources */,
			);
			runOnlyForDeploymentPostprocessing = 0;
		};
/* End PBXSourcesBuildPhase section */

/* Begin XCBuildConfiguration section */
		01E99A5C2C37D7090090C398 /* Debug */ = {
			isa = XCBuildConfiguration;
			buildSettings = {
				ALWAYS_SEARCH_USER_PATHS = NO;
				ASSETCATALOG_COMPILER_GENERATE_SWIFT_ASSET_SYMBOL_EXTENSIONS = YES;
				CLANG_ANALYZER_NONNULL = YES;
				CLANG_ANALYZER_NUMBER_OBJECT_CONVERSION = YES_AGGRESSIVE;
				CLANG_CXX_LANGUAGE_STANDARD = "gnu++20";
				CLANG_ENABLE_MODULES = YES;
				CLANG_ENABLE_OBJC_ARC = YES;
				CLANG_ENABLE_OBJC_WEAK = YES;
				CLANG_WARN_BLOCK_CAPTURE_AUTORELEASING = YES;
				CLANG_WARN_BOOL_CONVERSION = YES;
				CLANG_WARN_COMMA = YES;
				CLANG_WARN_CONSTANT_CONVERSION = YES;
				CLANG_WARN_DEPRECATED_OBJC_IMPLEMENTATIONS = YES;
				CLANG_WARN_DIRECT_OBJC_ISA_USAGE = YES_ERROR;
				CLANG_WARN_DOCUMENTATION_COMMENTS = YES;
				CLANG_WARN_EMPTY_BODY = YES;
				CLANG_WARN_ENUM_CONVERSION = YES;
				CLANG_WARN_INFINITE_RECURSION = YES;
				CLANG_WARN_INT_CONVERSION = YES;
				CLANG_WARN_NON_LITERAL_NULL_CONVERSION = YES;
				CLANG_WARN_OBJC_IMPLICIT_RETAIN_SELF = YES;
				CLANG_WARN_OBJC_LITERAL_CONVERSION = YES;
				CLANG_WARN_OBJC_ROOT_CLASS = YES_ERROR;
				CLANG_WARN_QUOTED_INCLUDE_IN_FRAMEWORK_HEADER = YES;
				CLANG_WARN_RANGE_LOOP_ANALYSIS = YES;
				CLANG_WARN_STRICT_PROTOTYPES = YES;
				CLANG_WARN_SUSPICIOUS_MOVE = YES;
				CLANG_WARN_UNGUARDED_AVAILABILITY = YES_AGGRESSIVE;
				CLANG_WARN_UNREACHABLE_CODE = YES;
				CLANG_WARN__DUPLICATE_METHOD_MATCH = YES;
				COPY_PHASE_STRIP = NO;
				DEBUG_INFORMATION_FORMAT = dwarf;
				ENABLE_STRICT_OBJC_MSGSEND = YES;
				ENABLE_TESTABILITY = YES;
				ENABLE_USER_SCRIPT_SANDBOXING = YES;
				GCC_C_LANGUAGE_STANDARD = gnu17;
				GCC_DYNAMIC_NO_PIC = NO;
				GCC_NO_COMMON_BLOCKS = YES;
				GCC_OPTIMIZATION_LEVEL = 0;
				GCC_PREPROCESSOR_DEFINITIONS = (
					"DEBUG=1",
					"$(inherited)",
				);
				GCC_WARN_64_TO_32_BIT_CONVERSION = YES;
				GCC_WARN_ABOUT_RETURN_TYPE = YES_ERROR;
				GCC_WARN_UNDECLARED_SELECTOR = YES;
				GCC_WARN_UNINITIALIZED_AUTOS = YES_AGGRESSIVE;
				GCC_WARN_UNUSED_FUNCTION = YES;
				GCC_WARN_UNUSED_VARIABLE = YES;
				IPHONEOS_DEPLOYMENT_TARGET = 17.5;
				LOCALIZATION_PREFERS_STRING_CATALOGS = YES;
				MTL_ENABLE_DEBUG_INFO = INCLUDE_SOURCE;
				MTL_FAST_MATH = YES;
				ONLY_ACTIVE_ARCH = YES;
				SDKROOT = iphoneos;
				SWIFT_ACTIVE_COMPILATION_CONDITIONS = "DEBUG $(inherited)";
				SWIFT_OPTIMIZATION_LEVEL = "-Onone";
			};
			name = Debug;
		};
		01E99A5D2C37D7090090C398 /* Release */ = {
			isa = XCBuildConfiguration;
			buildSettings = {
				ALWAYS_SEARCH_USER_PATHS = NO;
				ASSETCATALOG_COMPILER_GENERATE_SWIFT_ASSET_SYMBOL_EXTENSIONS = YES;
				CLANG_ANALYZER_NONNULL = YES;
				CLANG_ANALYZER_NUMBER_OBJECT_CONVERSION = YES_AGGRESSIVE;
				CLANG_CXX_LANGUAGE_STANDARD = "gnu++20";
				CLANG_ENABLE_MODULES = YES;
				CLANG_ENABLE_OBJC_ARC = YES;
				CLANG_ENABLE_OBJC_WEAK = YES;
				CLANG_WARN_BLOCK_CAPTURE_AUTORELEASING = YES;
				CLANG_WARN_BOOL_CONVERSION = YES;
				CLANG_WARN_COMMA = YES;
				CLANG_WARN_CONSTANT_CONVERSION = YES;
				CLANG_WARN_DEPRECATED_OBJC_IMPLEMENTATIONS = YES;
				CLANG_WARN_DIRECT_OBJC_ISA_USAGE = YES_ERROR;
				CLANG_WARN_DOCUMENTATION_COMMENTS = YES;
				CLANG_WARN_EMPTY_BODY = YES;
				CLANG_WARN_ENUM_CONVERSION = YES;
				CLANG_WARN_INFINITE_RECURSION = YES;
				CLANG_WARN_INT_CONVERSION = YES;
				CLANG_WARN_NON_LITERAL_NULL_CONVERSION = YES;
				CLANG_WARN_OBJC_IMPLICIT_RETAIN_SELF = YES;
				CLANG_WARN_OBJC_LITERAL_CONVERSION = YES;
				CLANG_WARN_OBJC_ROOT_CLASS = YES_ERROR;
				CLANG_WARN_QUOTED_INCLUDE_IN_FRAMEWORK_HEADER = YES;
				CLANG_WARN_RANGE_LOOP_ANALYSIS = YES;
				CLANG_WARN_STRICT_PROTOTYPES = YES;
				CLANG_WARN_SUSPICIOUS_MOVE = YES;
				CLANG_WARN_UNGUARDED_AVAILABILITY = YES_AGGRESSIVE;
				CLANG_WARN_UNREACHABLE_CODE = YES;
				CLANG_WARN__DUPLICATE_METHOD_MATCH = YES;
				COPY_PHASE_STRIP = NO;
				DEBUG_INFORMATION_FORMAT = "dwarf-with-dsym";
				ENABLE_NS_ASSERTIONS = NO;
				ENABLE_STRICT_OBJC_MSGSEND = YES;
				ENABLE_USER_SCRIPT_SANDBOXING = YES;
				GCC_C_LANGUAGE_STANDARD = gnu17;
				GCC_NO_COMMON_BLOCKS = YES;
				GCC_WARN_64_TO_32_BIT_CONVERSION = YES;
				GCC_WARN_ABOUT_RETURN_TYPE = YES_ERROR;
				GCC_WARN_UNDECLARED_SELECTOR = YES;
				GCC_WARN_UNINITIALIZED_AUTOS = YES_AGGRESSIVE;
				GCC_WARN_UNUSED_FUNCTION = YES;
				GCC_WARN_UNUSED_VARIABLE = YES;
				IPHONEOS_DEPLOYMENT_TARGET = 17.5;
				LOCALIZATION_PREFERS_STRING_CATALOGS = YES;
				MTL_ENABLE_DEBUG_INFO = NO;
				MTL_FAST_MATH = YES;
				SDKROOT = iphoneos;
				SWIFT_COMPILATION_MODE = wholemodule;
				VALIDATE_PRODUCT = YES;
			};
			name = Release;
		};
		01E99A5F2C37D7090090C398 /* Debug */ = {
			isa = XCBuildConfiguration;
			buildSettings = {
				ASSETCATALOG_COMPILER_APPICON_NAME = AppIcon;
				ASSETCATALOG_COMPILER_GLOBAL_ACCENT_COLOR_NAME = AccentColor;
				CODE_SIGN_STYLE = Automatic;
				CURRENT_PROJECT_VERSION = 1;
				DEVELOPMENT_ASSET_PATHS = "\"Mobil Ajanda/Preview Content\"";
				DEVELOPMENT_TEAM = 5RM3B24YU6;
				ENABLE_PREVIEWS = YES;
				GENERATE_INFOPLIST_FILE = YES;
				INFOPLIST_KEY_UIApplicationSceneManifest_Generation = YES;
				INFOPLIST_KEY_UIApplicationSupportsIndirectInputEvents = YES;
				INFOPLIST_KEY_UILaunchScreen_Generation = YES;
				INFOPLIST_KEY_UISupportedInterfaceOrientations_iPad = "UIInterfaceOrientationPortrait UIInterfaceOrientationPortraitUpsideDown UIInterfaceOrientationLandscapeLeft UIInterfaceOrientationLandscapeRight";
				INFOPLIST_KEY_UISupportedInterfaceOrientations_iPhone = "UIInterfaceOrientationPortrait UIInterfaceOrientationLandscapeLeft UIInterfaceOrientationLandscapeRight";
				LD_RUNPATH_SEARCH_PATHS = (
					"$(inherited)",
					"@executable_path/Frameworks",
				);
				MARKETING_VERSION = 1.0;
				PRODUCT_BUNDLE_IDENTIFIER = com.yuumamobile.MobilAjanda;
				PRODUCT_NAME = "$(TARGET_NAME)";
				SWIFT_EMIT_LOC_STRINGS = YES;
				SWIFT_VERSION = 5.0;
				TARGETED_DEVICE_FAMILY = "1,2";
			};
			name = Debug;
		};
		01E99A602C37D7090090C398 /* Release */ = {
			isa = XCBuildConfiguration;
			buildSettings = {
				ASSETCATALOG_COMPILER_APPICON_NAME = AppIcon;
				ASSETCATALOG_COMPILER_GLOBAL_ACCENT_COLOR_NAME = AccentColor;
				CODE_SIGN_STYLE = Automatic;
				CURRENT_PROJECT_VERSION = 1;
				DEVELOPMENT_ASSET_PATHS = "\"Mobil Ajanda/Preview Content\"";
				DEVELOPMENT_TEAM = 5RM3B24YU6;
				ENABLE_PREVIEWS = YES;
				GENERATE_INFOPLIST_FILE = YES;
				INFOPLIST_KEY_UIApplicationSceneManifest_Generation = YES;
				INFOPLIST_KEY_UIApplicationSupportsIndirectInputEvents = YES;
				INFOPLIST_KEY_UILaunchScreen_Generation = YES;
				INFOPLIST_KEY_UISupportedInterfaceOrientations_iPad = "UIInterfaceOrientationPortrait UIInterfaceOrientationPortraitUpsideDown UIInterfaceOrientationLandscapeLeft UIInterfaceOrientationLandscapeRight";
				INFOPLIST_KEY_UISupportedInterfaceOrientations_iPhone = "UIInterfaceOrientationPortrait UIInterfaceOrientationLandscapeLeft UIInterfaceOrientationLandscapeRight";
				LD_RUNPATH_SEARCH_PATHS = (
					"$(inherited)",
					"@executable_path/Frameworks",
				);
				MARKETING_VERSION = 1.0;
				PRODUCT_BUNDLE_IDENTIFIER = com.yuumamobile.MobilAjanda;
				PRODUCT_NAME = "$(TARGET_NAME)";
				SWIFT_EMIT_LOC_STRINGS = YES;
				SWIFT_VERSION = 5.0;
				TARGETED_DEVICE_FAMILY = "1,2";
			};
			name = Release;
		};
/* End XCBuildConfiguration section */

/* Begin XCConfigurationList section */
		01E99A4B2C37D7080090C398 /* Build configuration list for PBXProject "Mobil Ajanda" */ = {
			isa = XCConfigurationList;
			buildConfigurations = (
				01E99A5C2C37D7090090C398 /* Debug */,
				01E99A5D2C37D7090090C398 /* Release */,
			);
			defaultConfigurationIsVisible = 0;
			defaultConfigurationName = Release;
		};
		01E99A5E2C37D7090090C398 /* Build configuration list for PBXNativeTarget "Mobil Ajanda" */ = {
			isa = XCConfigurationList;
			buildConfigurations = (
				01E99A5F2C37D7090090C398 /* Debug */,
				01E99A602C37D7090090C398 /* Release */,
			);
			defaultConfigurationIsVisible = 0;
			defaultConfigurationName = Release;
		};
/* End XCConfigurationList section */

/* Begin XCRemoteSwiftPackageReference section */
		DEB40C102C3C117D00DD2DF4 /* XCRemoteSwiftPackageReference "AlertToast" */ = {
			isa = XCRemoteSwiftPackageReference;
			repositoryURL = "https://github.com/elai950/AlertToast.git";
			requirement = {
				kind = upToNextMajorVersion;
				minimumVersion = 1.3.9;
			};
		};
/* End XCRemoteSwiftPackageReference section */

/* Begin XCSwiftPackageProductDependency section */
		DEB40C112C3C117D00DD2DF4 /* AlertToast */ = {
			isa = XCSwiftPackageProductDependency;
			package = DEB40C102C3C117D00DD2DF4 /* XCRemoteSwiftPackageReference "AlertToast" */;
			productName = AlertToast;
		};
/* End XCSwiftPackageProductDependency section */
	};
	rootObject = 01E99A482C37D7080090C398 /* Project object */;
}
